// !$*UTF8*$!
{
	archiveVersion = 1;
	classes = {
	};
	objectVersion = 48;
	objects = {

/* Begin PBXBuildFile section */
		3758EA1320283E1A000692DA /* AppDelegate.swift in Sources */ = {isa = PBXBuildFile; fileRef = 3758EA1220283E1A000692DA /* AppDelegate.swift */; };
		3758EA1520283E1A000692DA /* MainViewController.swift in Sources */ = {isa = PBXBuildFile; fileRef = 3758EA1420283E1A000692DA /* MainViewController.swift */; };
		3758EA1820283E1A000692DA /* Main.storyboard in Resources */ = {isa = PBXBuildFile; fileRef = 3758EA1620283E1A000692DA /* Main.storyboard */; };
		3758EA1A20283E1A000692DA /* Assets.xcassets in Resources */ = {isa = PBXBuildFile; fileRef = 3758EA1920283E1A000692DA /* Assets.xcassets */; };
		3758EA1D20283E1A000692DA /* LaunchScreen.storyboard in Resources */ = {isa = PBXBuildFile; fileRef = 3758EA1B20283E1A000692DA /* LaunchScreen.storyboard */; };
		3758EA2720284BF0000692DA /* CurrencyTextField.swift in Sources */ = {isa = PBXBuildFile; fileRef = 3758EA2620284BF0000692DA /* CurrencyTextField.swift */; };
		379B645B202B51FB001DECF4 /* Window_ShoperTests.swift in Sources */ = {isa = PBXBuildFile; fileRef = 379B645A202B51FB001DECF4 /* Window_ShoperTests.swift */; };
		379B6464202B5268001DECF4 /* Wage.swift in Sources */ = {isa = PBXBuildFile; fileRef = 379B6463202B5268001DECF4 /* Wage.swift */; };
		379B6465202B53AD001DECF4 /* Wage.swift in Sources */ = {isa = PBXBuildFile; fileRef = 379B6463202B5268001DECF4 /* Wage.swift */; };
/* End PBXBuildFile section */

/* Begin PBXContainerItemProxy section */
		379B645D202B51FB001DECF4 /* PBXContainerItemProxy */ = {
			isa = PBXContainerItemProxy;
			containerPortal = 3758EA0720283E1A000692DA /* Project object */;
			proxyType = 1;
			remoteGlobalIDString = 3758EA0E20283E1A000692DA;
			remoteInfo = "Window Shoper";
		};
/* End PBXContainerItemProxy section */

/* Begin PBXFileReference section */
		3758EA0F20283E1A000692DA /* Window Shoper.app */ = {isa = PBXFileReference; explicitFileType = wrapper.application; includeInIndex = 0; path = "Window Shoper.app"; sourceTree = BUILT_PRODUCTS_DIR; };
		3758EA1220283E1A000692DA /* AppDelegate.swift */ = {isa = PBXFileReference; lastKnownFileType = sourcecode.swift; path = AppDelegate.swift; sourceTree = "<group>"; };
		3758EA1420283E1A000692DA /* MainViewController.swift */ = {isa = PBXFileReference; lastKnownFileType = sourcecode.swift; path = MainViewController.swift; sourceTree = "<group>"; };
		3758EA1720283E1A000692DA /* Base */ = {isa = PBXFileReference; lastKnownFileType = file.storyboard; name = Base; path = Base.lproj/Main.storyboard; sourceTree = "<group>"; };
		3758EA1920283E1A000692DA /* Assets.xcassets */ = {isa = PBXFileReference; lastKnownFileType = folder.assetcatalog; path = Assets.xcassets; sourceTree = "<group>"; };
		3758EA1C20283E1A000692DA /* Base */ = {isa = PBXFileReference; lastKnownFileType = file.storyboard; name = Base; path = Base.lproj/LaunchScreen.storyboard; sourceTree = "<group>"; };
		3758EA1E20283E1A000692DA /* Info.plist */ = {isa = PBXFileReference; lastKnownFileType = text.plist.xml; path = Info.plist; sourceTree = "<group>"; };
		3758EA2620284BF0000692DA /* CurrencyTextField.swift */ = {isa = PBXFileReference; lastKnownFileType = sourcecode.swift; path = CurrencyTextField.swift; sourceTree = "<group>"; };
		379B6458202B51FB001DECF4 /* Window ShoperTests.xctest */ = {isa = PBXFileReference; explicitFileType = wrapper.cfbundle; includeInIndex = 0; path = "Window ShoperTests.xctest"; sourceTree = BUILT_PRODUCTS_DIR; };
		379B645A202B51FB001DECF4 /* Window_ShoperTests.swift */ = {isa = PBXFileReference; lastKnownFileType = sourcecode.swift; path = Window_ShoperTests.swift; sourceTree = "<group>"; };
		379B645C202B51FB001DECF4 /* Info.plist */ = {isa = PBXFileReference; lastKnownFileType = text.plist.xml; path = Info.plist; sourceTree = "<group>"; };
		379B6463202B5268001DECF4 /* Wage.swift */ = {isa = PBXFileReference; lastKnownFileType = sourcecode.swift; path = Wage.swift; sourceTree = "<group>"; };
/* End PBXFileReference section */

/* Begin PBXFrameworksBuildPhase section */
		3758EA0C20283E1A000692DA /* Frameworks */ = {
			isa = PBXFrameworksBuildPhase;
			buildActionMask = 2147483647;
			files = (
			);
			runOnlyForDeploymentPostprocessing = 0;
		};
		379B6455202B51FB001DECF4 /* Frameworks */ = {
			isa = PBXFrameworksBuildPhase;
			buildActionMask = 2147483647;
			files = (
			);
			runOnlyForDeploymentPostprocessing = 0;
		};
/* End PBXFrameworksBuildPhase section */

/* Begin PBXGroup section */
		3758EA0620283E1A000692DA = {
			isa = PBXGroup;
			children = (
				3758EA1120283E1A000692DA /* Window Shoper */,
				379B6459202B51FB001DECF4 /* Window ShoperTests */,
				3758EA1020283E1A000692DA /* Products */,
			);
			sourceTree = "<group>";
		};
		3758EA1020283E1A000692DA /* Products */ = {
			isa = PBXGroup;
			children = (
				3758EA0F20283E1A000692DA /* Window Shoper.app */,
				379B6458202B51FB001DECF4 /* Window ShoperTests.xctest */,
			);
			name = Products;
			sourceTree = "<group>";
		};
		3758EA1120283E1A000692DA /* Window Shoper */ = {
			isa = PBXGroup;
			children = (
				379B6462202B522C001DECF4 /* Model */,
				3758EA2520284509000692DA /* Views */,
				3758EA24202844DF000692DA /* Controllers */,
				3758EA1E20283E1A000692DA /* Info.plist */,
			);
			path = "Window Shoper";
			sourceTree = "<group>";
		};
		3758EA24202844DF000692DA /* Controllers */ = {
			isa = PBXGroup;
			children = (
				3758EA1420283E1A000692DA /* MainViewController.swift */,
				3758EA1220283E1A000692DA /* AppDelegate.swift */,
			);
			path = Controllers;
			sourceTree = "<group>";
		};
		3758EA2520284509000692DA /* Views */ = {
			isa = PBXGroup;
			children = (
				3758EA1920283E1A000692DA /* Assets.xcassets */,
				3758EA1620283E1A000692DA /* Main.storyboard */,
				3758EA1B20283E1A000692DA /* LaunchScreen.storyboard */,
				3758EA2620284BF0000692DA /* CurrencyTextField.swift */,
			);
			path = Views;
			sourceTree = "<group>";
		};
		379B6459202B51FB001DECF4 /* Window ShoperTests */ = {
			isa = PBXGroup;
			children = (
				379B645A202B51FB001DECF4 /* Window_ShoperTests.swift */,
				379B645C202B51FB001DECF4 /* Info.plist */,
			);
			path = "Window ShoperTests";
			sourceTree = "<group>";
		};
		379B6462202B522C001DECF4 /* Model */ = {
			isa = PBXGroup;
			children = (
				379B6463202B5268001DECF4 /* Wage.swift */,
			);
			path = Model;
			sourceTree = "<group>";
		};
/* End PBXGroup section */

/* Begin PBXNativeTarget section */
		3758EA0E20283E1A000692DA /* Window Shoper */ = {
			isa = PBXNativeTarget;
			buildConfigurationList = 3758EA2120283E1A000692DA /* Build configuration list for PBXNativeTarget "Window Shoper" */;
			buildPhases = (
				3758EA0B20283E1A000692DA /* Sources */,
				3758EA0C20283E1A000692DA /* Frameworks */,
				3758EA0D20283E1A000692DA /* Resources */,
			);
			buildRules = (
			);
			dependencies = (
			);
			name = "Window Shoper";
			productName = "Window Shoper";
			productReference = 3758EA0F20283E1A000692DA /* Window Shoper.app */;
			productType = "com.apple.product-type.application";
		};
		379B6457202B51FB001DECF4 /* Window ShoperTests */ = {
			isa = PBXNativeTarget;
			buildConfigurationList = 379B645F202B51FB001DECF4 /* Build configuration list for PBXNativeTarget "Window ShoperTests" */;
			buildPhases = (
				379B6454202B51FB001DECF4 /* Sources */,
				379B6455202B51FB001DECF4 /* Frameworks */,
				379B6456202B51FB001DECF4 /* Resources */,
			);
			buildRules = (
			);
			dependencies = (
				379B645E202B51FB001DECF4 /* PBXTargetDependency */,
			);
			name = "Window ShoperTests";
			productName = "Window ShoperTests";
			productReference = 379B6458202B51FB001DECF4 /* Window ShoperTests.xctest */;
			productType = "com.apple.product-type.bundle.unit-test";
		};
/* End PBXNativeTarget section */

/* Begin PBXProject section */
		3758EA0720283E1A000692DA /* Project object */ = {
			isa = PBXProject;
			attributes = {
				LastSwiftUpdateCheck = 0920;
				LastUpgradeCheck = 0920;
				ORGANIZATIONNAME = "Pritom  Mazumder";
				TargetAttributes = {
					3758EA0E20283E1A000692DA = {
						CreatedOnToolsVersion = 9.2;
						ProvisioningStyle = Automatic;
					};
					379B6457202B51FB001DECF4 = {
						CreatedOnToolsVersion = 9.2;
						ProvisioningStyle = Automatic;
						TestTargetID = 3758EA0E20283E1A000692DA;
					};
				};
			};
			buildConfigurationList = 3758EA0A20283E1A000692DA /* Build configuration list for PBXProject "Window Shoper" */;
			compatibilityVersion = "Xcode 8.0";
			developmentRegion = en;
			hasScannedForEncodings = 0;
			knownRegions = (
				en,
				Base,
			);
			mainGroup = 3758EA0620283E1A000692DA;
			productRefGroup = 3758EA1020283E1A000692DA /* Products */;
			projectDirPath = "";
			projectRoot = "";
			targets = (
				3758EA0E20283E1A000692DA /* Window Shoper */,
				379B6457202B51FB001DECF4 /* Window ShoperTests */,
			);
		};
/* End PBXProject section */

/* Begin PBXResourcesBuildPhase section */
		3758EA0D20283E1A000692DA /* Resources */ = {
			isa = PBXResourcesBuildPhase;
			buildActionMask = 2147483647;
			files = (
				3758EA1D20283E1A000692DA /* LaunchScreen.storyboard in Resources */,
				3758EA1A20283E1A000692DA /* Assets.xcassets in Resources */,
				3758EA1820283E1A000692DA /* Main.storyboard in Resources */,
			);
			runOnlyForDeploymentPostprocessing = 0;
		};
		379B6456202B51FB001DECF4 /* Resources */ = {
			isa = PBXResourcesBuildPhase;
			buildActionMask = 2147483647;
			files = (
			);
			runOnlyForDeploymentPostprocessing = 0;
		};
/* End PBXResourcesBuildPhase section */

/* Begin PBXSourcesBuildPhase section */
		3758EA0B20283E1A000692DA /* Sources */ = {
			isa = PBXSourcesBuildPhase;
			buildActionMask = 2147483647;
			files = (
				3758EA2720284BF0000692DA /* CurrencyTextField.swift in Sources */,
				379B6464202B5268001DECF4 /* Wage.swift in Sources */,
				3758EA1520283E1A000692DA /* MainViewController.swift in Sources */,
				3758EA1320283E1A000692DA /* AppDelegate.swift in Sources */,
			);
			runOnlyForDeploymentPostprocessing = 0;
		};
		379B6454202B51FB001DECF4 /* Sources */ = {
			isa = PBXSourcesBuildPhase;
			buildActionMask = 2147483647;
			files = (
				379B645B202B51FB001DECF4 /* Window_ShoperTests.swift in Sources */,
				379B6465202B53AD001DECF4 /* Wage.swift in Sources */,
			);
			runOnlyForDeploymentPostprocessing = 0;
		};
/* End PBXSourcesBuildPhase section */

/* Begin PBXTargetDependency section */
		379B645E202B51FB001DECF4 /* PBXTargetDependency */ = {
			isa = PBXTargetDependency;
			target = 3758EA0E20283E1A000692DA /* Window Shoper */;
			targetProxy = 379B645D202B51FB001DECF4 /* PBXContainerItemProxy */;
		};
/* End PBXTargetDependency section */

/* Begin PBXVariantGroup section */
		3758EA1620283E1A000692DA /* Main.storyboard */ = {
			isa = PBXVariantGroup;
			children = (
				3758EA1720283E1A000692DA /* Base */,
			);
			name = Main.storyboard;
			sourceTree = "<group>";
		};
		3758EA1B20283E1A000692DA /* LaunchScreen.storyboard */ = {
			isa = PBXVariantGroup;
			children = (
				3758EA1C20283E1A000692DA /* Base */,
			);
			name = LaunchScreen.storyboard;
			sourceTree = "<group>";
		};
/* End PBXVariantGroup section */

/* Begin XCBuildConfiguration section */
		3758EA1F20283E1A000692DA /* Debug */ = {
			isa = XCBuildConfiguration;
			buildSettings = {
				ALWAYS_SEARCH_USER_PATHS = NO;
				CLANG_ANALYZER_NONNULL = YES;
				CLANG_ANALYZER_NUMBER_OBJECT_CONVERSION = YES_AGGRESSIVE;
				CLANG_CXX_LANGUAGE_STANDARD = "gnu++14";
				CLANG_CXX_LIBRARY = "libc++";
				CLANG_ENABLE_MODULES = YES;
				CLANG_ENABLE_OBJC_ARC = YES;
				CLANG_WARN_BLOCK_CAPTURE_AUTORELEASING = YES;
				CLANG_WARN_BOOL_CONVERSION = YES;
				CLANG_WARN_COMMA = YES;
				CLANG_WARN_CONSTANT_CONVERSION = YES;
				CLANG_WARN_DIRECT_OBJC_ISA_USAGE = YES_ERROR;
				CLANG_WARN_DOCUMENTATION_COMMENTS = YES;
				CLANG_WARN_EMPTY_BODY = YES;
				CLANG_WARN_ENUM_CONVERSION = YES;
				CLANG_WARN_INFINITE_RECURSION = YES;
				CLANG_WARN_INT_CONVERSION = YES;
				CLANG_WARN_NON_LITERAL_NULL_CONVERSION = YES;
				CLANG_WARN_OBJC_LITERAL_CONVERSION = YES;
				CLANG_WARN_OBJC_ROOT_CLASS = YES_ERROR;
				CLANG_WARN_RANGE_LOOP_ANALYSIS = YES;
				CLANG_WARN_STRICT_PROTOTYPES = YES;
				CLANG_WARN_SUSPICIOUS_MOVE = YES;
				CLANG_WARN_UNGUARDED_AVAILABILITY = YES_AGGRESSIVE;
				CLANG_WARN_UNREACHABLE_CODE = YES;
				CLANG_WARN__DUPLICATE_METHOD_MATCH = YES;
				CODE_SIGN_IDENTITY = "iPhone Developer";
				COPY_PHASE_STRIP = NO;
				DEBUG_INFORMATION_FORMAT = dwarf;
				ENABLE_STRICT_OBJC_MSGSEND = YES;
				ENABLE_TESTABILITY = YES;
				GCC_C_LANGUAGE_STANDARD = gnu11;
				GCC_DYNAMIC_NO_PIC = NO;
				GCC_NO_COMMON_BLOCKS = YES;
				GCC_OPTIMIZATION_LEVEL = 0;
				GCC_PREPROCESSOR_DEFINITIONS = (
					"DEBUG=1",
					"$(inherited)",
				);
				GCC_WARN_64_TO_32_BIT_CONVERSION = YES;
				GCC_WARN_ABOUT_RETURN_TYPE = YES_ERROR;
				GCC_WARN_UNDECLARED_SELECTOR = YES;
				GCC_WARN_UNINITIALIZED_AUTOS = YES_AGGRESSIVE;
				GCC_WARN_UNUSED_FUNCTION = YES;
				GCC_WARN_UNUSED_VARIABLE = YES;
				IPHONEOS_DEPLOYMENT_TARGET = 11.2;
				MTL_ENABLE_DEBUG_INFO = YES;
				ONLY_ACTIVE_ARCH = YES;
				SDKROOT = iphoneos;
				SWIFT_ACTIVE_COMPILATION_CONDITIONS = DEBUG;
				SWIFT_OPTIMIZATION_LEVEL = "-Onone";
			};
			name = Debug;
		};
		3758EA2020283E1A000692DA /* Release */ = {
			isa = XCBuildConfiguration;
			buildSettings = {
				ALWAYS_SEARCH_USER_PATHS = NO;
				CLANG_ANALYZER_NONNULL = YES;
				CLANG_ANALYZER_NUMBER_OBJECT_CONVERSION = YES_AGGRESSIVE;
				CLANG_CXX_LANGUAGE_STANDARD = "gnu++14";
				CLANG_CXX_LIBRARY = "libc++";
				CLANG_ENABLE_MODULES = YES;
				CLANG_ENABLE_OBJC_ARC = YES;
				CLANG_WARN_BLOCK_CAPTURE_AUTORELEASING = YES;
				CLANG_WARN_BOOL_CONVERSION = YES;
				CLANG_WARN_COMMA = YES;
				CLANG_WARN_CONSTANT_CONVERSION = YES;
				CLANG_WARN_DIRECT_OBJC_ISA_USAGE = YES_ERROR;
				CLANG_WARN_DOCUMENTATION_COMMENTS = YES;
				CLANG_WARN_EMPTY_BODY = YES;
				CLANG_WARN_ENUM_CONVERSION = YES;
				CLANG_WARN_INFINITE_RECURSION = YES;
				CLANG_WARN_INT_CONVERSION = YES;
				CLANG_WARN_NON_LITERAL_NULL_CONVERSION = YES;
				CLANG_WARN_OBJC_LITERAL_CONVERSION = YES;
				CLANG_WARN_OBJC_ROOT_CLASS = YES_ERROR;
				CLANG_WARN_RANGE_LOOP_ANALYSIS = YES;
				CLANG_WARN_STRICT_PROTOTYPES = YES;
				CLANG_WARN_SUSPICIOUS_MOVE = YES;
				CLANG_WARN_UNGUARDED_AVAILABILITY = YES_AGGRESSIVE;
				CLANG_WARN_UNREACHABLE_CODE = YES;
				CLANG_WARN__DUPLICATE_METHOD_MATCH = YES;
				CODE_SIGN_IDENTITY = "iPhone Developer";
				COPY_PHASE_STRIP = NO;
				DEBUG_INFORMATION_FORMAT = "dwarf-with-dsym";
				ENABLE_NS_ASSERTIONS = NO;
				ENABLE_STRICT_OBJC_MSGSEND = YES;
				GCC_C_LANGUAGE_STANDARD = gnu11;
				GCC_NO_COMMON_BLOCKS = YES;
				GCC_WARN_64_TO_32_BIT_CONVERSION = YES;
				GCC_WARN_ABOUT_RETURN_TYPE = YES_ERROR;
				GCC_WARN_UNDECLARED_SELECTOR = YES;
				GCC_WARN_UNINITIALIZED_AUTOS = YES_AGGRESSIVE;
				GCC_WARN_UNUSED_FUNCTION = YES;
				GCC_WARN_UNUSED_VARIABLE = YES;
				IPHONEOS_DEPLOYMENT_TARGET = 11.2;
				MTL_ENABLE_DEBUG_INFO = NO;
				SDKROOT = iphoneos;
				SWIFT_OPTIMIZATION_LEVEL = "-Owholemodule";
				VALIDATE_PRODUCT = YES;
			};
			name = Release;
		};
		3758EA2220283E1A000692DA /* Debug */ = {
			isa = XCBuildConfiguration;
			buildSettings = {
				ASSETCATALOG_COMPILER_APPICON_NAME = AppIcon;
				CODE_SIGN_STYLE = Automatic;
				DEVELOPMENT_TEAM = 9BXY7WD86A;
				INFOPLIST_FILE = "Window Shoper/Info.plist";
				LD_RUNPATH_SEARCH_PATHS = "$(inherited) @executable_path/Frameworks";
				PRODUCT_BUNDLE_IDENTIFIER = "com.pritommazumder.Window-Shoper";
				PRODUCT_NAME = "$(TARGET_NAME)";
				SWIFT_VERSION = 4.0;
				TARGETED_DEVICE_FAMILY = "1,2";
			};
			name = Debug;
		};
		3758EA2320283E1A000692DA /* Release */ = {
			isa = XCBuildConfiguration;
			buildSettings = {
				ASSETCATALOG_COMPILER_APPICON_NAME = AppIcon;
				CODE_SIGN_STYLE = Automatic;
				DEVELOPMENT_TEAM = 9BXY7WD86A;
				INFOPLIST_FILE = "Window Shoper/Info.plist";
				LD_RUNPATH_SEARCH_PATHS = "$(inherited) @executable_path/Frameworks";
				PRODUCT_BUNDLE_IDENTIFIER = "com.pritommazumder.Window-Shoper";
				PRODUCT_NAME = "$(TARGET_NAME)";
				SWIFT_VERSION = 4.0;
				TARGETED_DEVICE_FAMILY = "1,2";
			};
			name = Release;
		};
		379B6460202B51FB001DECF4 /* Debug */ = {
			isa = XCBuildConfiguration;
			buildSettings = {
				BUNDLE_LOADER = "$(TEST_HOST)";
				CODE_SIGN_STYLE = Automatic;
				DEVELOPMENT_TEAM = 9BXY7WD86A;
				INFOPLIST_FILE = "Window ShoperTests/Info.plist";
				LD_RUNPATH_SEARCH_PATHS = "$(inherited) @executable_path/Frameworks @loader_path/Frameworks";
				PRODUCT_BUNDLE_IDENTIFIER = "com.pritommazumder.Window-ShoperTests";
				PRODUCT_NAME = "$(TARGET_NAME)";
				SWIFT_VERSION = 4.0;
				TARGETED_DEVICE_FAMILY = "1,2";
				TEST_HOST = "$(BUILT_PRODUCTS_DIR)/Window Shoper.app/Window Shoper";
			};
			name = Debug;
		};
		379B6461202B51FB001DECF4 /* Release */ = {
			isa = XCBuildConfiguration;
			buildSettings = {
				BUNDLE_LOADER = "$(TEST_HOST)";
				CODE_SIGN_STYLE = Automatic;
				DEVELOPMENT_TEAM = 9BXY7WD86A;
				INFOPLIST_FILE = "Window ShoperTests/Info.plist";
				LD_RUNPATH_SEARCH_PATHS = "$(inherited) @executable_path/Frameworks @loader_path/Frameworks";
				PRODUCT_BUNDLE_IDENTIFIER = "com.pritommazumder.Window-ShoperTests";
				PRODUCT_NAME = "$(TARGET_NAME)";
				SWIFT_VERSION = 4.0;
				TARGETED_DEVICE_FAMILY = "1,2";
				TEST_HOST = "$(BUILT_PRODUCTS_DIR)/Window Shoper.app/Window Shoper";
			};
			name = Release;
		};
/* End XCBuildConfiguration section */

/* Begin XCConfigurationList section */
		3758EA0A20283E1A000692DA /* Build configuration list for PBXProject "Window Shoper" */ = {
			isa = XCConfigurationList;
			buildConfigurations = (
				3758EA1F20283E1A000692DA /* Debug */,
				3758EA2020283E1A000692DA /* Release */,
			);
			defaultConfigurationIsVisible = 0;
			defaultConfigurationName = Release;
		};
		3758EA2120283E1A000692DA /* Build configuration list for PBXNativeTarget "Window Shoper" */ = {
			isa = XCConfigurationList;
			buildConfigurations = (
				3758EA2220283E1A000692DA /* Debug */,
				3758EA2320283E1A000692DA /* Release */,
			);
			defaultConfigurationIsVisible = 0;
			defaultConfigurationName = Release;
		};
		379B645F202B51FB001DECF4 /* Build configuration list for PBXNativeTarget "Window ShoperTests" */ = {
			isa = XCConfigurationList;
			buildConfigurations = (
				379B6460202B51FB001DECF4 /* Debug */,
				379B6461202B51FB001DECF4 /* Release */,
			);
			defaultConfigurationIsVisible = 0;
			defaultConfigurationName = Release;
		};
/* End XCConfigurationList section */
	};
	rootObject = 3758EA0720283E1A000692DA /* Project object */;
}
